{
  "name": "soustack-conformance",
  "version": "0.1.0",
  "lockfileVersion": 3,
  "requires": true,
  "packages": {
    "": {
      "name": "soustack-conformance",
      "version": "0.1.0",
      "license": "MIT",
      "dependencies": {
        "soustack-core": "file:vendor/soustack-core"
      },
      "bin": {
        "conformance": "bin/conformance.js"
      },
      "engines": {
        "node": ">=18"
      }
    },
    "node_modules/soustack-core": {
      "resolved": "vendor/soustack-core",
      "link": true
    },
    "vendor/soustack-core": {
      "version": "0.1.0",
      "license": "MIT"
    }
  }
}
